
Microsoft Visual Studio Solution File, Format Version 12.00
Project("{2150E333-8FDC-42A3-9474-1A3956D46DE8}") = "src", "src", "{78F16F2F-929E-4284-BB89-35098F9604EC}"
EndProject
Project("{FAE04EC0-301F-11D3-BF4B-00C04F79EFBC}") = "Domain", "src\Domain\Domain.csproj", "{A05A54F5-29A4-4E4F-94A9-9CC296BEB901}"
EndProject
Global
	GlobalSection(SolutionConfigurationPlatforms) = preSolution
		Debug|Any CPU = Debug|Any CPU
		Release|Any CPU = Release|Any CPU
	EndGlobalSection
	GlobalSection(NestedProjects) = preSolution
		{A05A54F5-29A4-4E4F-94A9-9CC296BEB901} = {78F16F2F-929E-4284-BB89-35098F9604EC}
	EndGlobalSection
	GlobalSection(ProjectConfigurationPlatforms) = postSolution
		{A05A54F5-29A4-4E4F-94A9-9CC296BEB901}.Debug|Any CPU.ActiveCfg = Debug|Any CPU
		{A05A54F5-29A4-4E4F-94A9-9CC296BEB901}.Debug|Any CPU.Build.0 = Debug|Any CPU
		{A05A54F5-29A4-4E4F-94A9-9CC296BEB901}.Release|Any CPU.ActiveCfg = Release|Any CPU
		{A05A54F5-29A4-4E4F-94A9-9CC296BEB901}.Release|Any CPU.Build.0 = Release|Any CPU
	EndGlobalSection
EndGlobal
